
Microsoft Visual Studio Solution File, Format Version 12.00
# Visual Studio Version 17
VisualStudioVersion = 17.8.34330.188
MinimumVisualStudioVersion = 10.0.40219.1
Project("{FAE04EC0-301F-11D3-BF4B-00C04F79EFBC}") = "wut-go-mcts", "wut-go-mcts\wut-go-mcts.csproj", "{5CAAD189-AE06-4510-BE03-95ECF0DA6D5B}"
EndProject
Global
	GlobalSection(SolutionConfigurationPlatforms) = preSolution
		Debug|Any CPU = Debug|Any CPU
		Release|Any CPU = Release|Any CPU
	EndGlobalSection
	GlobalSection(ProjectConfigurationPlatforms) = postSolution
		{5CAAD189-AE06-4510-BE03-95ECF0DA6D5B}.Debug|Any CPU.ActiveCfg = Debug|Any CPU
		{5CAAD189-AE06-4510-BE03-95ECF0DA6D5B}.Debug|Any CPU.Build.0 = Debug|Any CPU
		{5CAAD189-AE06-4510-BE03-95ECF0DA6D5B}.Release|Any CPU.ActiveCfg = Release|Any CPU
		{5CAAD189-AE06-4510-BE03-95ECF0DA6D5B}.Release|Any CPU.Build.0 = Release|Any CPU
	EndGlobalSection
	GlobalSection(SolutionProperties) = preSolution
		HideSolutionNode = FALSE
	EndGlobalSection
	GlobalSection(ExtensibilityGlobals) = postSolution
		SolutionGuid = {450B835E-0805-4906-8329-3F3BDD374137}
	EndGlobalSection
EndGlobal
